
Microsoft Visual Studio Solution File, Format Version 12.00
# Visual Studio 15
VisualStudioVersion = 15.0.28010.2050
MinimumVisualStudioVersion = 10.0.40219.1
Project("{FAE04EC0-301F-11D3-BF4B-00C04F79EFBC}") = "ClientsDbExplorer", "ClientsDbExplorer\ClientsDbExplorer.csproj", "{C6B8BE3A-7556-47C5-88BB-2B3D404C19B1}"
EndProject
Global
	GlobalSection(SolutionConfigurationPlatforms) = preSolution
		Debug|Any CPU = Debug|Any CPU
		Release|Any CPU = Release|Any CPU
	EndGlobalSection
	GlobalSection(ProjectConfigurationPlatforms) = postSolution
		{C6B8BE3A-7556-47C5-88BB-2B3D404C19B1}.Debug|Any CPU.ActiveCfg = Debug|Any CPU
		{C6B8BE3A-7556-47C5-88BB-2B3D404C19B1}.Debug|Any CPU.Build.0 = Debug|Any CPU
		{C6B8BE3A-7556-47C5-88BB-2B3D404C19B1}.Release|Any CPU.ActiveCfg = Release|Any CPU
		{C6B8BE3A-7556-47C5-88BB-2B3D404C19B1}.Release|Any CPU.Build.0 = Release|Any CPU
	EndGlobalSection
	GlobalSection(SolutionProperties) = preSolution
		HideSolutionNode = FALSE
	EndGlobalSection
	GlobalSection(ExtensibilityGlobals) = postSolution
		SolutionGuid = {401730CB-45BF-4354-944C-9C2C89CC80B5}
	EndGlobalSection
EndGlobal
